
Microsoft Visual Studio Solution File, Format Version 12.00
# Visual Studio 15
Project("{FAE04EC0-301F-11D3-BF4B-00C04F79EFBC}") = "Assembly-CSharp", "Assembly-CSharp.csproj", "{5F4CBB3C-2EC7-D590-7E93-32A3B3A66360}"
EndProject
Global
	GlobalSection(SolutionConfigurationPlatforms) = preSolution
		Debug|Any CPU = Debug|Any CPU
		Release|Any CPU = Release|Any CPU
	EndGlobalSection
	GlobalSection(ProjectConfigurationPlatforms) = postSolution
		{5F4CBB3C-2EC7-D590-7E93-32A3B3A66360}.Debug|Any CPU.ActiveCfg = Debug|Any CPU
		{5F4CBB3C-2EC7-D590-7E93-32A3B3A66360}.Debug|Any CPU.Build.0 = Debug|Any CPU
		{5F4CBB3C-2EC7-D590-7E93-32A3B3A66360}.Release|Any CPU.ActiveCfg = Release|Any CPU
		{5F4CBB3C-2EC7-D590-7E93-32A3B3A66360}.Release|Any CPU.Build.0 = Release|Any CPU
	EndGlobalSection
	GlobalSection(SolutionProperties) = preSolution
		HideSolutionNode = FALSE
	EndGlobalSection
EndGlobal
